<Solution>
  <Project Path="src/Notifications.API/Notifications.API.csproj" />
  <Project Path="src/Notifications.Domain/Notifications.Domain.csproj" />
  <Project Path="src/Notifications.Application/Notifications.Application.csproj" />
  <Project Path="src/Notifications.Infrastructure/Notifications.Infrastructure.csproj" />
  <Project Path="NotificationsTests/NotificationsTests.csproj" Id="69c1645d-a056-4f80-bf1f-4168621e526a" />
  <Project Path="tests/NotificationsAPI.Tests.Integration/NotificationsAPI.Tests.Integration.csproj" />
</Solution>
