<Solution>
  <Project Path="src/Notifications.API/Notifications.API.csproj" />
  <Project Path="src/Notifications.Domain/Notifications.Domain.csproj" />
  <Project Path="src/Notifications.Application/Notifications.Application.csproj" />
  <Project Path="src/Notifications.Infrastructure/Notifications.Infrastructure.csproj" />
</Solution>
